<?xml version="1.0" encoding="utf-8"?>
<Project ToolsVersion="4.0" xmlns="http://schemas.microsoft.com/developer/msbuild/2003">
  <ItemGroup>
    <Filter Include="DynamicLib">
      <UniqueIdentifier>{dc8090cb-ca25-4b06-8ad1-269245dd6814}</UniqueIdentifier>
    </Filter>
    <Filter Include="Application">
      <UniqueIdentifier>{8ab9d8b0-c642-493f-901b-fd3dde0f7352}</UniqueIdentifier>
    </Filter>
  </ItemGroup>
  <ItemGroup>
    <ClInclude Include="..\..\src\AssertString.h">
      <Filter>DynamicLib</Filter>
    </ClInclude>
    <ClInclude Include="..\..\src\DllWrapper.h">
      <Filter>DynamicLib</Filter>
    </ClInclude>
    <ClInclude Include="..\..\src\OtherStore.h">
      <Filter>DynamicLib</Filter>
    </ClInclude>
    <ClInclude Include="..\..\src\ShareStore.h">
      <Filter>DynamicLib</Filter>
    </ClInclude>
    <ClInclude Include="..\..\src\StaticStore.h">
      <Filter>DynamicLib</Filter>
    </ClInclude>
    <ClInclude Include="..\..\src\TypeGroup.h">
      <Filter>DynamicLib</Filter>
    </ClInclude>
  </ItemGroup>
  <ItemGroup>
    <ClCompile Include="..\..\src\DllWrapper.cpp">
      <Filter>DynamicLib</Filter>
    </ClCompile>
    <ClCompile Include="..\DynamicLib.cpp">
      <Filter>Application</Filter>
    </ClCompile>
  </ItemGroup>
</Project>