<?xml version="1.0" encoding="utf-8"?>
<Project ToolsVersion="4.0" xmlns="http://schemas.microsoft.com/developer/msbuild/2003">
  <ItemGroup>
    <Filter Include="DynamicLib">
      <UniqueIdentifier>{5c56e7b2-3302-4f98-aa15-9af2a4e5d664}</UniqueIdentifier>
    </Filter>
    <Filter Include="Application">
      <UniqueIdentifier>{fa9c8d31-300b-4910-929b-979a100d9f86}</UniqueIdentifier>
    </Filter>
  </ItemGroup>
  <ItemGroup>
    <ClInclude Include="DllWrapper.h">
      <Filter>DynamicLib</Filter>
    </ClInclude>
    <ClInclude Include="AssertString.h">
      <Filter>DynamicLib</Filter>
    </ClInclude>
    <ClInclude Include="ShareStore.h">
      <Filter>DynamicLib</Filter>
    </ClInclude>
    <ClInclude Include="StaticStore.h">
      <Filter>DynamicLib</Filter>
    </ClInclude>
    <ClInclude Include="TypeGroup.h">
      <Filter>DynamicLib</Filter>
    </ClInclude>
    <ClInclude Include="OtherStore.h">
      <Filter>DynamicLib</Filter>
    </ClInclude>
  </ItemGroup>
  <ItemGroup>
    <ClCompile Include="DllWrapper.cpp">
      <Filter>DynamicLib</Filter>
    </ClCompile>
    <ClCompile Include="DynamicLib.cpp">
      <Filter>Application</Filter>
    </ClCompile>
  </ItemGroup>
</Project>